# This file is autogenerated, do not edit; changes may be undone by the next 'dep ensure'.


[[projects]]
  name = "github.com/go-chi/chi"
  packages = ["."]
  revision = "e83ac2304db3c50cf03d96a2fcd39009d458bc35"
  version = "v3.3.2"

[solve-meta]
  analyzer-name = "dep"
  analyzer-version = 1
  inputs-digest = "e8c6f3939b4fcc3bdc14fac5de8496c6cd92841ad092f9df51a7f84fef8f0a7d"
  solver-name = "gps-cdcl"
  solver-version = 1
